
Microsoft Visual Studio Solution File, Format Version 12.00
# Visual Studio Version 17
VisualStudioVersion = 17.5.002.0
MinimumVisualStudioVersion = 10.0.40219.1
Project("{2150E333-8FDC-42A3-9474-1A3956D46DE8}") = "src", "src", "{343B7D25-9E8D-49CD-8CE2-5AEFB55599AA}"
EndProject
Project("{9A19103F-16F7-4668-BE54-9A1E7A4F7556}") = "Sixel", "src\Sixel\Sixel.csproj", "{6530F44D-2FF4-4BE5-ACD7-BC7BB16A0036}"
EndProject
Project("{9A19103F-16F7-4668-BE54-9A1E7A4F7556}") = "Sixel.Shared", "src\Sixel.Shared\Sixel.Shared.csproj", "{CEA8ABE2-8256-4318-9C2C-20ED7483F7A7}"
EndProject
Global
	GlobalSection(SolutionConfigurationPlatforms) = preSolution
		Debug|Any CPU = Debug|Any CPU
		Release|Any CPU = Release|Any CPU
	EndGlobalSection
	GlobalSection(ProjectConfigurationPlatforms) = postSolution
		{6530F44D-2FF4-4BE5-ACD7-BC7BB16A0036}.Debug|Any CPU.ActiveCfg = Debug|Any CPU
		{6530F44D-2FF4-4BE5-ACD7-BC7BB16A0036}.Debug|Any CPU.Build.0 = Debug|Any CPU
		{6530F44D-2FF4-4BE5-ACD7-BC7BB16A0036}.Release|Any CPU.ActiveCfg = Release|Any CPU
		{6530F44D-2FF4-4BE5-ACD7-BC7BB16A0036}.Release|Any CPU.Build.0 = Release|Any CPU
		{CEA8ABE2-8256-4318-9C2C-20ED7483F7A7}.Debug|Any CPU.ActiveCfg = Debug|Any CPU
		{CEA8ABE2-8256-4318-9C2C-20ED7483F7A7}.Debug|Any CPU.Build.0 = Debug|Any CPU
		{CEA8ABE2-8256-4318-9C2C-20ED7483F7A7}.Release|Any CPU.ActiveCfg = Release|Any CPU
		{CEA8ABE2-8256-4318-9C2C-20ED7483F7A7}.Release|Any CPU.Build.0 = Release|Any CPU
	EndGlobalSection
	GlobalSection(SolutionProperties) = preSolution
		HideSolutionNode = FALSE
	EndGlobalSection
	GlobalSection(NestedProjects) = preSolution
		{6530F44D-2FF4-4BE5-ACD7-BC7BB16A0036} = {343B7D25-9E8D-49CD-8CE2-5AEFB55599AA}
		{CEA8ABE2-8256-4318-9C2C-20ED7483F7A7} = {343B7D25-9E8D-49CD-8CE2-5AEFB55599AA}
	EndGlobalSection
	GlobalSection(ExtensibilityGlobals) = postSolution
		SolutionGuid = {E8BEDC54-6143-4441-AB0F-E25E9C81A141}
	EndGlobalSection
EndGlobal
